
Microsoft Visual Studio Solution File, Format Version 12.00
# Visual Studio Version 17
VisualStudioVersion = 17.5.33530.505
MinimumVisualStudioVersion = 10.0.40219.1
Project("{FAE04EC0-301F-11D3-BF4B-00C04F79EFBC}") = "SID1", "SID1.csproj", "{96A2CEF8-D6DA-43A3-8298-87FC2A94B204}"
EndProject
Global
	GlobalSection(SolutionConfigurationPlatforms) = preSolution
		Debug|Any CPU = Debug|Any CPU
		Release|Any CPU = Release|Any CPU
	EndGlobalSection
	GlobalSection(ProjectConfigurationPlatforms) = postSolution
		{96A2CEF8-D6DA-43A3-8298-87FC2A94B204}.Debug|Any CPU.ActiveCfg = Debug|Any CPU
		{96A2CEF8-D6DA-43A3-8298-87FC2A94B204}.Debug|Any CPU.Build.0 = Debug|Any CPU
		{96A2CEF8-D6DA-43A3-8298-87FC2A94B204}.Release|Any CPU.ActiveCfg = Release|Any CPU
		{96A2CEF8-D6DA-43A3-8298-87FC2A94B204}.Release|Any CPU.Build.0 = Release|Any CPU
	EndGlobalSection
	GlobalSection(SolutionProperties) = preSolution
		HideSolutionNode = FALSE
	EndGlobalSection
	GlobalSection(ExtensibilityGlobals) = postSolution
		SolutionGuid = {3924805C-8512-4C67-B108-97981B1CF31E}
	EndGlobalSection
EndGlobal
